[[package]]
name = "astroid"
version = "2.11.7"
description = "An abstract syntax tree for Python with inference support."
category = "dev"
optional = false
python-versions = ">=3.6.2"

[package.dependencies]
lazy-object-proxy = ">=1.4.0"
typing-extensions = {version = ">=3.10", markers = "python_version < \"3.10\""}
wrapt = ">=1.11,<2"

[[package]]
name = "atomicwrites"
version = "1.4.1"
description = "Atomic file writes."
category = "dev"
optional = false
python-versions = ">=2.7, !=3.0.*, !=3.1.*, !=3.2.*, !=3.3.*"

[[package]]
name = "attrs"
version = "21.4.0"
description = "Classes Without Boilerplate"
category = "dev"
optional = false
python-versions = ">=2.7, !=3.0.*, !=3.1.*, !=3.2.*, !=3.3.*, !=3.4.*"

[package.extras]
dev = ["coverage[toml] (>=5.0.2)", "hypothesis", "pympler", "pytest (>=4.3.0)", "six", "mypy", "pytest-mypy-plugins", "zope.interface", "furo", "sphinx", "sphinx-notfound-page", "pre-commit", "cloudpickle"]
docs = ["furo", "sphinx", "zope.interface", "sphinx-notfound-page"]
tests = ["coverage[toml] (>=5.0.2)", "hypothesis", "pympler", "pytest (>=4.3.0)", "six", "mypy", "pytest-mypy-plugins", "zope.interface", "cloudpickle"]
tests_no_zope = ["coverage[toml] (>=5.0.2)", "hypothesis", "pympler", "pytest (>=4.3.0)", "six", "mypy", "pytest-mypy-plugins", "cloudpickle"]

[[package]]
name = "colorama"
version = "0.4.5"
description = "Cross-platform colored terminal text."
category = "dev"
optional = false
python-versions = ">=2.7, !=3.0.*, !=3.1.*, !=3.2.*, !=3.3.*, !=3.4.*"

[[package]]
name = "coverage"
version = "6.4.2"
description = "Code coverage measurement for Python"
category = "dev"
optional = false
python-versions = ">=3.7"

[package.extras]
toml = ["tomli"]

[[package]]
name = "cycler"
version = "0.11.0"
description = "Composable style cycles"
category = "dev"
optional = false
python-versions = ">=3.6"

[[package]]
name = "dill"
version = "0.3.5.1"
description = "serialize all of python"
category = "dev"
optional = false
python-versions = ">=2.7, !=3.0.*, !=3.1.*, !=3.2.*, !=3.3.*, !=3.4.*, !=3.5.*, !=3.6.*"

[package.extras]
graph = ["objgraph (>=1.7.2)"]

[[package]]
name = "fonttools"
version = "4.34.4"
description = "Tools to manipulate font files"
category = "dev"
optional = false
python-versions = ">=3.7"

[package.extras]
all = ["fs (>=2.2.0,<3)", "lxml (>=4.0,<5)", "zopfli (>=0.1.4)", "lz4 (>=1.7.4.2)", "matplotlib", "sympy", "skia-pathops (>=0.5.0)", "uharfbuzz (>=0.23.0)", "brotlicffi (>=0.8.0)", "scipy", "brotli (>=1.0.1)", "munkres", "unicodedata2 (>=14.0.0)", "xattr"]
graphite = ["lz4 (>=1.7.4.2)"]
interpolatable = ["scipy", "munkres"]
lxml = ["lxml (>=4.0,<5)"]
pathops = ["skia-pathops (>=0.5.0)"]
plot = ["matplotlib"]
repacker = ["uharfbuzz (>=0.23.0)"]
symfont = ["sympy"]
type1 = ["xattr"]
ufo = ["fs (>=2.2.0,<3)"]
unicode = ["unicodedata2 (>=14.0.0)"]
woff = ["zopfli (>=0.1.4)", "brotlicffi (>=0.8.0)", "brotli (>=1.0.1)"]

[[package]]
name = "isort"
version = "4.3.21"
description = "A Python utility / library to sort Python imports."
category = "dev"
optional = false
python-versions = ">=2.7, !=3.0.*, !=3.1.*, !=3.2.*, !=3.3.*"

[package.extras]
pipfile = ["pipreqs", "requirementslib"]
pyproject = ["toml"]
requirements = ["pipreqs", "pip-api"]
xdg_home = ["appdirs (>=1.4.0)"]

[[package]]
name = "kiwisolver"
version = "1.4.4"
description = "A fast implementation of the Cassowary constraint solver"
category = "dev"
optional = false
python-versions = ">=3.7"

[[package]]
name = "lazy-object-proxy"
version = "1.7.1"
description = "A fast and thorough lazy object proxy."
category = "dev"
optional = false
python-versions = ">=3.6"

[[package]]
name = "matplotlib"
version = "3.5.2"
description = "Python plotting package"
category = "dev"
optional = false
python-versions = ">=3.7"

[package.dependencies]
cycler = ">=0.10"
fonttools = ">=4.22.0"
kiwisolver = ">=1.0.1"
numpy = ">=1.17"
packaging = ">=20.0"
pillow = ">=6.2.0"
pyparsing = ">=2.2.1"
python-dateutil = ">=2.7"
setuptools_scm = ">=4"

[[package]]
name = "mccabe"
version = "0.7.0"
description = "McCabe checker, plugin for flake8"
category = "dev"
optional = false
python-versions = ">=3.6"

[[package]]
name = "more-itertools"
version = "8.13.0"
description = "More routines for operating on iterables, beyond itertools"
category = "dev"
optional = false
python-versions = ">=3.5"

[[package]]
name = "numpy"
version = "1.23.1"
description = "NumPy is the fundamental package for array computing with Python."
category = "main"
optional = false
python-versions = ">=3.8"

[[package]]
name = "packaging"
version = "21.3"
description = "Core utilities for Python packages"
category = "dev"
optional = false
python-versions = ">=3.6"

[package.dependencies]
pyparsing = ">=2.0.2,<3.0.5 || >3.0.5"

[[package]]
name = "pendulum"
version = "2.1.2"
description = "Python datetimes made easy"
category = "dev"
optional = false
python-versions = ">=2.7, !=3.0.*, !=3.1.*, !=3.2.*, !=3.3.*, !=3.4.*"

[package.dependencies]
python-dateutil = ">=2.6,<3.0"
pytzdata = ">=2020.1"

[[package]]
name = "pillow"
version = "9.2.0"
description = "Python Imaging Library (Fork)"
category = "dev"
optional = false
python-versions = ">=3.7"

[package.extras]
docs = ["furo", "olefile", "sphinx (>=2.4)", "sphinx-copybutton", "sphinx-issues (>=3.0.1)", "sphinx-removed-in", "sphinxext-opengraph"]
tests = ["check-manifest", "coverage", "defusedxml", "markdown2", "olefile", "packaging", "pyroma", "pytest", "pytest-cov", "pytest-timeout"]

[[package]]
name = "platformdirs"
version = "2.5.2"
description = "A small Python module for determining appropriate platform-specific dirs, e.g. a \"user data dir\"."
category = "dev"
optional = false
python-versions = ">=3.7"

[package.extras]
docs = ["furo (>=2021.7.5b38)", "proselint (>=0.10.2)", "sphinx-autodoc-typehints (>=1.12)", "sphinx (>=4)"]
test = ["appdirs (==1.4.4)", "pytest-cov (>=2.7)", "pytest-mock (>=3.6)", "pytest (>=6)"]

[[package]]
name = "pluggy"
version = "0.13.1"
description = "plugin and hook calling mechanisms for python"
category = "dev"
optional = false
python-versions = ">=2.7, !=3.0.*, !=3.1.*, !=3.2.*, !=3.3.*"

[package.extras]
dev = ["pre-commit", "tox"]

[[package]]
name = "py"
version = "1.11.0"
description = "library with cross-python path, ini-parsing, io, code, log facilities"
category = "dev"
optional = false
python-versions = ">=2.7, !=3.0.*, !=3.1.*, !=3.2.*, !=3.3.*, !=3.4.*"

[[package]]
name = "pylint"
version = "2.13.9"
description = "python code static checker"
category = "dev"
optional = false
python-versions = ">=3.6.2"

[package.dependencies]
astroid = ">=2.11.5,<=2.12.0-dev0"
colorama = {version = "*", markers = "sys_platform == \"win32\""}
dill = ">=0.2"
isort = ">=4.2.5,<6"
mccabe = ">=0.6,<0.8"
platformdirs = ">=2.2.0"
tomli = {version = ">=1.1.0", markers = "python_version < \"3.11\""}
typing-extensions = {version = ">=3.10.0", markers = "python_version < \"3.10\""}

[package.extras]
testutil = ["gitpython (>3)"]

[[package]]
name = "pyparsing"
version = "3.0.9"
description = "pyparsing module - Classes and methods to define and execute parsing grammars"
category = "dev"
optional = false
python-versions = ">=3.6.8"

[package.extras]
diagrams = ["railroad-diagrams", "jinja2"]

[[package]]
name = "pyquaternion"
version = "0.9.9"
description = "A fully featured, pythonic library for representing and using quaternions."
category = "main"
optional = false
python-versions = "*"

[package.dependencies]
numpy = "*"

[package.extras]
dev = ["mkdocs"]
test = ["nose"]

[[package]]
name = "pytest"
version = "5.4.3"
description = "pytest: simple powerful testing with Python"
category = "dev"
optional = false
python-versions = ">=3.5"

[package.dependencies]
atomicwrites = {version = ">=1.0", markers = "sys_platform == \"win32\""}
attrs = ">=17.4.0"
colorama = {version = "*", markers = "sys_platform == \"win32\""}
more-itertools = ">=4.0.0"
packaging = "*"
pluggy = ">=0.12,<1.0"
py = ">=1.5.0"
wcwidth = "*"

[package.extras]
checkqa-mypy = ["mypy (==v0.761)"]
testing = ["argcomplete", "hypothesis (>=3.56)", "mock", "nose", "requests", "xmlschema"]

[[package]]
name = "pytest-cov"
version = "2.12.1"
description = "Pytest plugin for measuring coverage."
category = "dev"
optional = false
python-versions = ">=2.7, !=3.0.*, !=3.1.*, !=3.2.*, !=3.3.*, !=3.4.*"

[package.dependencies]
coverage = ">=5.2.1"
pytest = ">=4.6"
toml = "*"

[package.extras]
testing = ["fields", "hunter", "process-tests", "six", "pytest-xdist", "virtualenv"]

[[package]]
name = "python-dateutil"
version = "2.8.2"
description = "Extensions to the standard Python datetime module"
category = "dev"
optional = false
python-versions = "!=3.0.*,!=3.1.*,!=3.2.*,>=2.7"

[package.dependencies]
six = ">=1.5"

[[package]]
name = "pytzdata"
version = "2020.1"
description = "The Olson timezone database for Python."
category = "dev"
optional = false
python-versions = ">=2.7, !=3.0.*, !=3.1.*, !=3.2.*, !=3.3.*"

[[package]]
name = "setuptools-scm"
version = "7.0.5"
description = "the blessed package to manage your versions by scm tags"
category = "dev"
optional = false
python-versions = ">=3.7"

[package.dependencies]
packaging = ">=20.0"
tomli = ">=1.0.0"
typing-extensions = "*"

[package.extras]
test = ["pytest (>=6.2)", "virtualenv (>20)"]
toml = ["setuptools (>=42)"]

[[package]]
name = "six"
version = "1.16.0"
description = "Python 2 and 3 compatibility utilities"
category = "dev"
optional = false
python-versions = ">=2.7, !=3.0.*, !=3.1.*, !=3.2.*"

[[package]]
name = "toml"
version = "0.10.2"
description = "Python Library for Tom's Obvious, Minimal Language"
category = "dev"
optional = false
python-versions = ">=2.6, !=3.0.*, !=3.1.*, !=3.2.*"

[[package]]
name = "tomli"
version = "2.0.1"
description = "A lil' TOML parser"
category = "dev"
optional = false
python-versions = ">=3.7"

[[package]]
name = "typing-extensions"
version = "4.3.0"
description = "Backported and Experimental Type Hints for Python 3.7+"
category = "dev"
optional = false
python-versions = ">=3.7"

[[package]]
name = "wcwidth"
version = "0.2.5"
description = "Measures the displayed width of unicode strings in a terminal"
category = "dev"
optional = false
python-versions = "*"

[[package]]
name = "wrapt"
version = "1.14.1"
description = "Module for decorators, wrappers and monkey patching."
category = "dev"
optional = false
python-versions = "!=3.0.*,!=3.1.*,!=3.2.*,!=3.3.*,!=3.4.*,>=2.7"

[metadata]
lock-version = "1.1"
python-versions = ">=3.8"
content-hash = "e1c67edd40373b17242f826712fa50926e3f785c22b2717fef9f71a75cde1c56"

[metadata.files]
astroid = []
atomicwrites = []
attrs = [
    {file = "attrs-21.4.0-py2.py3-none-any.whl", hash = "sha256:2d27e3784d7a565d36ab851fe94887c5eccd6a463168875832a1be79c82828b4"},
    {file = "attrs-21.4.0.tar.gz", hash = "sha256:626ba8234211db98e869df76230a137c4c40a12d72445c45d5f5b716f076e2fd"},
]
colorama = []
coverage = []
cycler = [
    {file = "cycler-0.11.0-py3-none-any.whl", hash = "sha256:3a27e95f763a428a739d2add979fa7494c912a32c17c4c38c4d5f082cad165a3"},
    {file = "cycler-0.11.0.tar.gz", hash = "sha256:9c87405839a19696e837b3b818fed3f5f69f16f1eec1a1ad77e043dcea9c772f"},
]
dill = []
fonttools = []
isort = []
kiwisolver = []
lazy-object-proxy = [
    {file = "lazy-object-proxy-1.7.1.tar.gz", hash = "sha256:d609c75b986def706743cdebe5e47553f4a5a1da9c5ff66d76013ef396b5a8a4"},
    {file = "lazy_object_proxy-1.7.1-cp310-cp310-macosx_10_9_x86_64.whl", hash = "sha256:bb8c5fd1684d60a9902c60ebe276da1f2281a318ca16c1d0a96db28f62e9166b"},
    {file = "lazy_object_proxy-1.7.1-cp310-cp310-manylinux_2_17_aarch64.manylinux2014_aarch64.whl", hash = "sha256:a57d51ed2997e97f3b8e3500c984db50a554bb5db56c50b5dab1b41339b37e36"},
    {file = "lazy_object_proxy-1.7.1-cp310-cp310-manylinux_2_5_x86_64.manylinux1_x86_64.manylinux_2_17_x86_64.manylinux2014_x86_64.whl", hash = "sha256:fd45683c3caddf83abbb1249b653a266e7069a09f486daa8863fb0e7496a9fdb"},
    {file = "lazy_object_proxy-1.7.1-cp310-cp310-musllinux_1_1_aarch64.whl", hash = "sha256:8561da8b3dd22d696244d6d0d5330618c993a215070f473b699e00cf1f3f6443"},
    {file = "lazy_object_proxy-1.7.1-cp310-cp310-musllinux_1_1_x86_64.whl", hash = "sha256:fccdf7c2c5821a8cbd0a9440a456f5050492f2270bd54e94360cac663398739b"},
    {file = "lazy_object_proxy-1.7.1-cp310-cp310-win32.whl", hash = "sha256:898322f8d078f2654d275124a8dd19b079080ae977033b713f677afcfc88e2b9"},
    {file = "lazy_object_proxy-1.7.1-cp310-cp310-win_amd64.whl", hash = "sha256:85b232e791f2229a4f55840ed54706110c80c0a210d076eee093f2b2e33e1bfd"},
    {file = "lazy_object_proxy-1.7.1-cp36-cp36m-macosx_10_9_x86_64.whl", hash = "sha256:46ff647e76f106bb444b4533bb4153c7370cdf52efc62ccfc1a28bdb3cc95442"},
    {file = "lazy_object_proxy-1.7.1-cp36-cp36m-manylinux_2_17_aarch64.manylinux2014_aarch64.whl", hash = "sha256:12f3bb77efe1367b2515f8cb4790a11cffae889148ad33adad07b9b55e0ab22c"},
    {file = "lazy_object_proxy-1.7.1-cp36-cp36m-manylinux_2_5_x86_64.manylinux1_x86_64.manylinux_2_17_x86_64.manylinux2014_x86_64.whl", hash = "sha256:c19814163728941bb871240d45c4c30d33b8a2e85972c44d4e63dd7107faba44"},
    {file = "lazy_object_proxy-1.7.1-cp36-cp36m-musllinux_1_1_aarch64.whl", hash = "sha256:e40f2013d96d30217a51eeb1db28c9ac41e9d0ee915ef9d00da639c5b63f01a1"},
    {file = "lazy_object_proxy-1.7.1-cp36-cp36m-musllinux_1_1_x86_64.whl", hash = "sha256:2052837718516a94940867e16b1bb10edb069ab475c3ad84fd1e1a6dd2c0fcfc"},
    {file = "lazy_object_proxy-1.7.1-cp36-cp36m-win32.whl", hash = "sha256:6a24357267aa976abab660b1d47a34aaf07259a0c3859a34e536f1ee6e76b5bb"},
    {file = "lazy_object_proxy-1.7.1-cp36-cp36m-win_amd64.whl", hash = "sha256:6aff3fe5de0831867092e017cf67e2750c6a1c7d88d84d2481bd84a2e019ec35"},
    {file = "lazy_object_proxy-1.7.1-cp37-cp37m-macosx_10_9_x86_64.whl", hash = "sha256:6a6e94c7b02641d1311228a102607ecd576f70734dc3d5e22610111aeacba8a0"},
    {file = "lazy_object_proxy-1.7.1-cp37-cp37m-manylinux_2_17_aarch64.manylinux2014_aarch64.whl", hash = "sha256:c4ce15276a1a14549d7e81c243b887293904ad2d94ad767f42df91e75fd7b5b6"},
    {file = "lazy_object_proxy-1.7.1-cp37-cp37m-manylinux_2_5_x86_64.manylinux1_x86_64.manylinux_2_17_x86_64.manylinux2014_x86_64.whl", hash = "sha256:e368b7f7eac182a59ff1f81d5f3802161932a41dc1b1cc45c1f757dc876b5d2c"},
    {file = "lazy_object_proxy-1.7.1-cp37-cp37m-musllinux_1_1_aarch64.whl", hash = "sha256:6ecbb350991d6434e1388bee761ece3260e5228952b1f0c46ffc800eb313ff42"},
    {file = "lazy_object_proxy-1.7.1-cp37-cp37m-musllinux_1_1_x86_64.whl", hash = "sha256:553b0f0d8dbf21890dd66edd771f9b1b5f51bd912fa5f26de4449bfc5af5e029"},
    {file = "lazy_object_proxy-1.7.1-cp37-cp37m-win32.whl", hash = "sha256:c7a683c37a8a24f6428c28c561c80d5f4fd316ddcf0c7cab999b15ab3f5c5c69"},
    {file = "lazy_object_proxy-1.7.1-cp37-cp37m-win_amd64.whl", hash = "sha256:df2631f9d67259dc9620d831384ed7732a198eb434eadf69aea95ad18c587a28"},
    {file = "lazy_object_proxy-1.7.1-cp38-cp38-macosx_10_9_x86_64.whl", hash = "sha256:07fa44286cda977bd4803b656ffc1c9b7e3bc7dff7d34263446aec8f8c96f88a"},
    {file = "lazy_object_proxy-1.7.1-cp38-cp38-manylinux_2_17_aarch64.manylinux2014_aarch64.whl", hash = "sha256:4dca6244e4121c74cc20542c2ca39e5c4a5027c81d112bfb893cf0790f96f57e"},
    {file = "lazy_object_proxy-1.7.1-cp38-cp38-manylinux_2_5_x86_64.manylinux1_x86_64.manylinux_2_17_x86_64.manylinux2014_x86_64.whl", hash = "sha256:91ba172fc5b03978764d1df5144b4ba4ab13290d7bab7a50f12d8117f8630c38"},
    {file = "lazy_object_proxy-1.7.1-cp38-cp38-musllinux_1_1_aarch64.whl", hash = "sha256:043651b6cb706eee4f91854da4a089816a6606c1428fd391573ef8cb642ae4f7"},
    {file = "lazy_object_proxy-1.7.1-cp38-cp38-musllinux_1_1_x86_64.whl", hash = "sha256:b9e89b87c707dd769c4ea91f7a31538888aad05c116a59820f28d59b3ebfe25a"},
    {file = "lazy_object_proxy-1.7.1-cp38-cp38-win32.whl", hash = "sha256:9d166602b525bf54ac994cf833c385bfcc341b364e3ee71e3bf5a1336e677b55"},
    {file = "lazy_object_proxy-1.7.1-cp38-cp38-win_amd64.whl", hash = "sha256:8f3953eb575b45480db6568306893f0bd9d8dfeeebd46812aa09ca9579595148"},
    {file = "lazy_object_proxy-1.7.1-cp39-cp39-macosx_10_9_x86_64.whl", hash = "sha256:dd7ed7429dbb6c494aa9bc4e09d94b778a3579be699f9d67da7e6804c422d3de"},
    {file = "lazy_object_proxy-1.7.1-cp39-cp39-manylinux_2_17_aarch64.manylinux2014_aarch64.whl", hash = "sha256:70ed0c2b380eb6248abdef3cd425fc52f0abd92d2b07ce26359fcbc399f636ad"},
    {file = "lazy_object_proxy-1.7.1-cp39-cp39-manylinux_2_5_x86_64.manylinux1_x86_64.manylinux_2_17_x86_64.manylinux2014_x86_64.whl", hash = "sha256:7096a5e0c1115ec82641afbdd70451a144558ea5cf564a896294e346eb611be1"},
    {file = "lazy_object_proxy-1.7.1-cp39-cp39-musllinux_1_1_aarch64.whl", hash = "sha256:f769457a639403073968d118bc70110e7dce294688009f5c24ab78800ae56dc8"},
    {file = "lazy_object_proxy-1.7.1-cp39-cp39-musllinux_1_1_x86_64.whl", hash = "sha256:39b0e26725c5023757fc1ab2a89ef9d7ab23b84f9251e28f9cc114d5b59c1b09"},
    {file = "lazy_object_proxy-1.7.1-cp39-cp39-win32.whl", hash = "sha256:2130db8ed69a48a3440103d4a520b89d8a9405f1b06e2cc81640509e8bf6548f"},
    {file = "lazy_object_proxy-1.7.1-cp39-cp39-win_amd64.whl", hash = "sha256:677ea950bef409b47e51e733283544ac3d660b709cfce7b187f5ace137960d61"},
    {file = "lazy_object_proxy-1.7.1-pp37.pp38-none-any.whl", hash = "sha256:d66906d5785da8e0be7360912e99c9188b70f52c422f9fc18223347235691a84"},
]
matplotlib = []
mccabe = [
    {file = "mccabe-0.7.0-py2.py3-none-any.whl", hash = "sha256:6c2d30ab6be0e4a46919781807b4f0d834ebdd6c6e3dca0bda5a15f863427b6e"},
    {file = "mccabe-0.7.0.tar.gz", hash = "sha256:348e0240c33b60bbdf4e523192ef919f28cb2c3d7d5c7794f74009290f236325"},
]
more-itertools = []
numpy = []
packaging = [
    {file = "packaging-21.3-py3-none-any.whl", hash = "sha256:ef103e05f519cdc783ae24ea4e2e0f508a9c99b2d4969652eed6a2e1ea5bd522"},
    {file = "packaging-21.3.tar.gz", hash = "sha256:dd47c42927d89ab911e606518907cc2d3a1f38bbd026385970643f9c5b8ecfeb"},
]
pendulum = []
pillow = []
platformdirs = []
pluggy = []
py = [
    {file = "py-1.11.0-py2.py3-none-any.whl", hash = "sha256:607c53218732647dff4acdfcd50cb62615cedf612e72d1724fb1a0cc6405b378"},
    {file = "py-1.11.0.tar.gz", hash = "sha256:51c75c4126074b472f746a24399ad32f6053d1b34b68d2fa41e558e6f4a98719"},
]
pylint = []
pyparsing = []
pyquaternion = []
pytest = []
pytest-cov = []
python-dateutil = [
    {file = "python-dateutil-2.8.2.tar.gz", hash = "sha256:0123cacc1627ae19ddf3c27a5de5bd67ee4586fbdd6440d9748f8abb483d3e86"},
    {file = "python_dateutil-2.8.2-py2.py3-none-any.whl", hash = "sha256:961d03dc3453ebbc59dbdea9e4e11c5651520a876d0f4db161e8674aae935da9"},
]
pytzdata = []
setuptools-scm = []
six = [
    {file = "six-1.16.0-py2.py3-none-any.whl", hash = "sha256:8abb2f1d86890a2dfb989f9a77cfcfd3e47c2a354b01111771326f8aa26e0254"},
    {file = "six-1.16.0.tar.gz", hash = "sha256:1e61c37477a1626458e36f7b1d82aa5c9b094fa4802892072e49de9c60c4c926"},
]
toml = []
tomli = [
    {file = "tomli-2.0.1-py3-none-any.whl", hash = "sha256:939de3e7a6161af0c887ef91b7d41a53e7c5a1ca976325f429cb46ea9bc30ecc"},
    {file = "tomli-2.0.1.tar.gz", hash = "sha256:de526c12914f0c550d15924c62d72abc48d6fe7364aa87328337a31007fe8a4f"},
]
typing-extensions = []
wcwidth = []
wrapt = []
